// !$*UTF8*$!
{
	archiveVersion = 1;
	classes = {
	};
	objectVersion = 55;
	objects = {

/* Begin PBXBuildFile section */
		4C78C90E281DCD6700F7673C /* InjectableDemoApp.swift in Sources */ = {isa = PBXBuildFile; fileRef = 4C78C8FE281DCD6600F7673C /* InjectableDemoApp.swift */; };
		4C78C90F281DCD6700F7673C /* InjectableDemoApp.swift in Sources */ = {isa = PBXBuildFile; fileRef = 4C78C8FE281DCD6600F7673C /* InjectableDemoApp.swift */; };
		4C78C910281DCD6700F7673C /* ContentView.swift in Sources */ = {isa = PBXBuildFile; fileRef = 4C78C8FF281DCD6600F7673C /* ContentView.swift */; };
		4C78C911281DCD6700F7673C /* ContentView.swift in Sources */ = {isa = PBXBuildFile; fileRef = 4C78C8FF281DCD6600F7673C /* ContentView.swift */; };
		4C78C912281DCD6700F7673C /* Assets.xcassets in Resources */ = {isa = PBXBuildFile; fileRef = 4C78C900281DCD6700F7673C /* Assets.xcassets */; };
		4C78C913281DCD6700F7673C /* Assets.xcassets in Resources */ = {isa = PBXBuildFile; fileRef = 4C78C900281DCD6700F7673C /* Assets.xcassets */; };
		4C78C91F281DCE6300F7673C /* MyService.swift in Sources */ = {isa = PBXBuildFile; fileRef = 4C78C91E281DCE6300F7673C /* MyService.swift */; };
		4C78C920281DCE6300F7673C /* MyService.swift in Sources */ = {isa = PBXBuildFile; fileRef = 4C78C91E281DCE6300F7673C /* MyService.swift */; };
		4C78C922281DCE8000F7673C /* ContentViewModel.swift in Sources */ = {isa = PBXBuildFile; fileRef = 4C78C921281DCE8000F7673C /* ContentViewModel.swift */; };
		4C78C923281DCE8000F7673C /* ContentViewModel.swift in Sources */ = {isa = PBXBuildFile; fileRef = 4C78C921281DCE8000F7673C /* ContentViewModel.swift */; };
		4C78C925281DCEDF00F7673C /* InjectableDemoApp+Injections.swift in Sources */ = {isa = PBXBuildFile; fileRef = 4C78C924281DCEDF00F7673C /* InjectableDemoApp+Injections.swift */; };
		4C78C926281DCEDF00F7673C /* InjectableDemoApp+Injections.swift in Sources */ = {isa = PBXBuildFile; fileRef = 4C78C924281DCEDF00F7673C /* InjectableDemoApp+Injections.swift */; };
		4C78C929281DD66800F7673C /* Injectable in Frameworks */ = {isa = PBXBuildFile; productRef = 4C78C928281DD66800F7673C /* Injectable */; };
/* End PBXBuildFile section */

/* Begin PBXFileReference section */
		4C78C8FE281DCD6600F7673C /* InjectableDemoApp.swift */ = {isa = PBXFileReference; lastKnownFileType = sourcecode.swift; path = InjectableDemoApp.swift; sourceTree = "<group>"; };
		4C78C8FF281DCD6600F7673C /* ContentView.swift */ = {isa = PBXFileReference; lastKnownFileType = sourcecode.swift; path = ContentView.swift; sourceTree = "<group>"; };
		4C78C900281DCD6700F7673C /* Assets.xcassets */ = {isa = PBXFileReference; lastKnownFileType = folder.assetcatalog; path = Assets.xcassets; sourceTree = "<group>"; };
		4C78C905281DCD6700F7673C /* InjectableDemo.app */ = {isa = PBXFileReference; explicitFileType = wrapper.application; includeInIndex = 0; path = InjectableDemo.app; sourceTree = BUILT_PRODUCTS_DIR; };
		4C78C90B281DCD6700F7673C /* InjectableDemo.app */ = {isa = PBXFileReference; explicitFileType = wrapper.application; includeInIndex = 0; path = InjectableDemo.app; sourceTree = BUILT_PRODUCTS_DIR; };
		4C78C90D281DCD6700F7673C /* macOS.entitlements */ = {isa = PBXFileReference; lastKnownFileType = text.plist.entitlements; path = macOS.entitlements; sourceTree = "<group>"; };
		4C78C91D281DCDC200F7673C /* Injectable */ = {isa = PBXFileReference; lastKnownFileType = wrapper; name = Injectable; path = ..; sourceTree = "<group>"; };
		4C78C91E281DCE6300F7673C /* MyService.swift */ = {isa = PBXFileReference; lastKnownFileType = sourcecode.swift; path = MyService.swift; sourceTree = "<group>"; };
		4C78C921281DCE8000F7673C /* ContentViewModel.swift */ = {isa = PBXFileReference; lastKnownFileType = sourcecode.swift; path = ContentViewModel.swift; sourceTree = "<group>"; };
		4C78C924281DCEDF00F7673C /* InjectableDemoApp+Injections.swift */ = {isa = PBXFileReference; lastKnownFileType = sourcecode.swift; path = "InjectableDemoApp+Injections.swift"; sourceTree = "<group>"; };
/* End PBXFileReference section */

/* Begin PBXFrameworksBuildPhase section */
		4C78C902281DCD6700F7673C /* Frameworks */ = {
			isa = PBXFrameworksBuildPhase;
			buildActionMask = 2147483647;
			files = (
				4C78C929281DD66800F7673C /* Injectable in Frameworks */,
			);
			runOnlyForDeploymentPostprocessing = 0;
		};
		4C78C908281DCD6700F7673C /* Frameworks */ = {
			isa = PBXFrameworksBuildPhase;
			buildActionMask = 2147483647;
			files = (
			);
			runOnlyForDeploymentPostprocessing = 0;
		};
/* End PBXFrameworksBuildPhase section */

/* Begin PBXGroup section */
		4C78C8F8281DCD6600F7673C = {
			isa = PBXGroup;
			children = (
				4C78C8FD281DCD6600F7673C /* Shared */,
				4C78C90C281DCD6700F7673C /* macOS */,
				4C78C91C281DCDC200F7673C /* Packages */,
				4C78C906281DCD6700F7673C /* Products */,
				4C78C927281DD66800F7673C /* Frameworks */,
			);
			sourceTree = "<group>";
		};
		4C78C8FD281DCD6600F7673C /* Shared */ = {
			isa = PBXGroup;
			children = (
				4C78C8FE281DCD6600F7673C /* InjectableDemoApp.swift */,
				4C78C924281DCEDF00F7673C /* InjectableDemoApp+Injections.swift */,
				4C78C8FF281DCD6600F7673C /* ContentView.swift */,
				4C78C921281DCE8000F7673C /* ContentViewModel.swift */,
				4C78C91E281DCE6300F7673C /* MyService.swift */,
				4C78C900281DCD6700F7673C /* Assets.xcassets */,
			);
			path = Shared;
			sourceTree = "<group>";
		};
		4C78C906281DCD6700F7673C /* Products */ = {
			isa = PBXGroup;
			children = (
				4C78C905281DCD6700F7673C /* InjectableDemo.app */,
				4C78C90B281DCD6700F7673C /* InjectableDemo.app */,
			);
			name = Products;
			sourceTree = "<group>";
		};
		4C78C90C281DCD6700F7673C /* macOS */ = {
			isa = PBXGroup;
			children = (
				4C78C90D281DCD6700F7673C /* macOS.entitlements */,
			);
			path = macOS;
			sourceTree = "<group>";
		};
		4C78C91C281DCDC200F7673C /* Packages */ = {
			isa = PBXGroup;
			children = (
				4C78C91D281DCDC200F7673C /* Injectable */,
			);
			name = Packages;
			sourceTree = "<group>";
		};
		4C78C927281DD66800F7673C /* Frameworks */ = {
			isa = PBXGroup;
			children = (
			);
			name = Frameworks;
			sourceTree = "<group>";
		};
/* End PBXGroup section */

/* Begin PBXNativeTarget section */
		4C78C904281DCD6700F7673C /* InjectableDemo (iOS) */ = {
			isa = PBXNativeTarget;
			buildConfigurationList = 4C78C916281DCD6700F7673C /* Build configuration list for PBXNativeTarget "InjectableDemo (iOS)" */;
			buildPhases = (
				4C78C901281DCD6700F7673C /* Sources */,
				4C78C902281DCD6700F7673C /* Frameworks */,
				4C78C903281DCD6700F7673C /* Resources */,
			);
			buildRules = (
			);
			dependencies = (
			);
			name = "InjectableDemo (iOS)";
			packageProductDependencies = (
				4C78C928281DD66800F7673C /* Injectable */,
			);
			productName = "InjectableDemo (iOS)";
			productReference = 4C78C905281DCD6700F7673C /* InjectableDemo.app */;
			productType = "com.apple.product-type.application";
		};
		4C78C90A281DCD6700F7673C /* InjectableDemo (macOS) */ = {
			isa = PBXNativeTarget;
			buildConfigurationList = 4C78C919281DCD6700F7673C /* Build configuration list for PBXNativeTarget "InjectableDemo (macOS)" */;
			buildPhases = (
				4C78C907281DCD6700F7673C /* Sources */,
				4C78C908281DCD6700F7673C /* Frameworks */,
				4C78C909281DCD6700F7673C /* Resources */,
			);
			buildRules = (
			);
			dependencies = (
			);
			name = "InjectableDemo (macOS)";
			productName = "InjectableDemo (macOS)";
			productReference = 4C78C90B281DCD6700F7673C /* InjectableDemo.app */;
			productType = "com.apple.product-type.application";
		};
/* End PBXNativeTarget section */

/* Begin PBXProject section */
		4C78C8F9281DCD6600F7673C /* Project object */ = {
			isa = PBXProject;
			attributes = {
				BuildIndependentTargetsInParallel = 1;
				LastSwiftUpdateCheck = 1330;
				LastUpgradeCheck = 1330;
				TargetAttributes = {
					4C78C904281DCD6700F7673C = {
						CreatedOnToolsVersion = 13.3.1;
					};
					4C78C90A281DCD6700F7673C = {
						CreatedOnToolsVersion = 13.3.1;
					};
				};
			};
			buildConfigurationList = 4C78C8FC281DCD6600F7673C /* Build configuration list for PBXProject "InjectableDemo" */;
			compatibilityVersion = "Xcode 13.0";
			developmentRegion = en;
			hasScannedForEncodings = 0;
			knownRegions = (
				en,
				Base,
			);
			mainGroup = 4C78C8F8281DCD6600F7673C;
			productRefGroup = 4C78C906281DCD6700F7673C /* Products */;
			projectDirPath = "";
			projectRoot = "";
			targets = (
				4C78C904281DCD6700F7673C /* InjectableDemo (iOS) */,
				4C78C90A281DCD6700F7673C /* InjectableDemo (macOS) */,
			);
		};
/* End PBXProject section */

/* Begin PBXResourcesBuildPhase section */
		4C78C903281DCD6700F7673C /* Resources */ = {
			isa = PBXResourcesBuildPhase;
			buildActionMask = 2147483647;
			files = (
				4C78C912281DCD6700F7673C /* Assets.xcassets in Resources */,
			);
			runOnlyForDeploymentPostprocessing = 0;
		};
		4C78C909281DCD6700F7673C /* Resources */ = {
			isa = PBXResourcesBuildPhase;
			buildActionMask = 2147483647;
			files = (
				4C78C913281DCD6700F7673C /* Assets.xcassets in Resources */,
			);
			runOnlyForDeploymentPostprocessing = 0;
		};
/* End PBXResourcesBuildPhase section */

/* Begin PBXSourcesBuildPhase section */
		4C78C901281DCD6700F7673C /* Sources */ = {
			isa = PBXSourcesBuildPhase;
			buildActionMask = 2147483647;
			files = (
				4C78C922281DCE8000F7673C /* ContentViewModel.swift in Sources */,
				4C78C91F281DCE6300F7673C /* MyService.swift in Sources */,
				4C78C910281DCD6700F7673C /* ContentView.swift in Sources */,
				4C78C925281DCEDF00F7673C /* InjectableDemoApp+Injections.swift in Sources */,
				4C78C90E281DCD6700F7673C /* InjectableDemoApp.swift in Sources */,
			);
			runOnlyForDeploymentPostprocessing = 0;
		};
		4C78C907281DCD6700F7673C /* Sources */ = {
			isa = PBXSourcesBuildPhase;
			buildActionMask = 2147483647;
			files = (
				4C78C923281DCE8000F7673C /* ContentViewModel.swift in Sources */,
				4C78C920281DCE6300F7673C /* MyService.swift in Sources */,
				4C78C911281DCD6700F7673C /* ContentView.swift in Sources */,
				4C78C926281DCEDF00F7673C /* InjectableDemoApp+Injections.swift in Sources */,
				4C78C90F281DCD6700F7673C /* InjectableDemoApp.swift in Sources */,
			);
			runOnlyForDeploymentPostprocessing = 0;
		};
/* End PBXSourcesBuildPhase section */

/* Begin XCBuildConfiguration section */
		4C78C914281DCD6700F7673C /* Debug */ = {
			isa = XCBuildConfiguration;
			buildSettings = {
				ALWAYS_SEARCH_USER_PATHS = NO;
				CLANG_ANALYZER_NONNULL = YES;
				CLANG_ANALYZER_NUMBER_OBJECT_CONVERSION = YES_AGGRESSIVE;
				CLANG_CXX_LANGUAGE_STANDARD = "gnu++17";
				CLANG_ENABLE_MODULES = YES;
				CLANG_ENABLE_OBJC_ARC = YES;
				CLANG_ENABLE_OBJC_WEAK = YES;
				CLANG_WARN_BLOCK_CAPTURE_AUTORELEASING = YES;
				CLANG_WARN_BOOL_CONVERSION = YES;
				CLANG_WARN_COMMA = YES;
				CLANG_WARN_CONSTANT_CONVERSION = YES;
				CLANG_WARN_DEPRECATED_OBJC_IMPLEMENTATIONS = YES;
				CLANG_WARN_DIRECT_OBJC_ISA_USAGE = YES_ERROR;
				CLANG_WARN_DOCUMENTATION_COMMENTS = YES;
				CLANG_WARN_EMPTY_BODY = YES;
				CLANG_WARN_ENUM_CONVERSION = YES;
				CLANG_WARN_INFINITE_RECURSION = YES;
				CLANG_WARN_INT_CONVERSION = YES;
				CLANG_WARN_NON_LITERAL_NULL_CONVERSION = YES;
				CLANG_WARN_OBJC_IMPLICIT_RETAIN_SELF = YES;
				CLANG_WARN_OBJC_LITERAL_CONVERSION = YES;
				CLANG_WARN_OBJC_ROOT_CLASS = YES_ERROR;
				CLANG_WARN_QUOTED_INCLUDE_IN_FRAMEWORK_HEADER = YES;
				CLANG_WARN_RANGE_LOOP_ANALYSIS = YES;
				CLANG_WARN_STRICT_PROTOTYPES = YES;
				CLANG_WARN_SUSPICIOUS_MOVE = YES;
				CLANG_WARN_UNGUARDED_AVAILABILITY = YES_AGGRESSIVE;
				CLANG_WARN_UNREACHABLE_CODE = YES;
				CLANG_WARN__DUPLICATE_METHOD_MATCH = YES;
				COPY_PHASE_STRIP = NO;
				DEBUG_INFORMATION_FORMAT = dwarf;
				ENABLE_STRICT_OBJC_MSGSEND = YES;
				ENABLE_TESTABILITY = YES;
				GCC_C_LANGUAGE_STANDARD = gnu11;
				GCC_DYNAMIC_NO_PIC = NO;
				GCC_NO_COMMON_BLOCKS = YES;
				GCC_OPTIMIZATION_LEVEL = 0;
				GCC_PREPROCESSOR_DEFINITIONS = (
					"DEBUG=1",
					"$(inherited)",
				);
				GCC_WARN_64_TO_32_BIT_CONVERSION = YES;
				GCC_WARN_ABOUT_RETURN_TYPE = YES_ERROR;
				GCC_WARN_UNDECLARED_SELECTOR = YES;
				GCC_WARN_UNINITIALIZED_AUTOS = YES_AGGRESSIVE;
				GCC_WARN_UNUSED_FUNCTION = YES;
				GCC_WARN_UNUSED_VARIABLE = YES;
				MTL_ENABLE_DEBUG_INFO = INCLUDE_SOURCE;
				MTL_FAST_MATH = YES;
				ONLY_ACTIVE_ARCH = YES;
				SWIFT_ACTIVE_COMPILATION_CONDITIONS = DEBUG;
				SWIFT_OPTIMIZATION_LEVEL = "-Onone";
			};
			name = Debug;
		};
		4C78C915281DCD6700F7673C /* Release */ = {
			isa = XCBuildConfiguration;
			buildSettings = {
				ALWAYS_SEARCH_USER_PATHS = NO;
				CLANG_ANALYZER_NONNULL = YES;
				CLANG_ANALYZER_NUMBER_OBJECT_CONVERSION = YES_AGGRESSIVE;
				CLANG_CXX_LANGUAGE_STANDARD = "gnu++17";
				CLANG_ENABLE_MODULES = YES;
				CLANG_ENABLE_OBJC_ARC = YES;
				CLANG_ENABLE_OBJC_WEAK = YES;
				CLANG_WARN_BLOCK_CAPTURE_AUTORELEASING = YES;
				CLANG_WARN_BOOL_CONVERSION = YES;
				CLANG_WARN_COMMA = YES;
				CLANG_WARN_CONSTANT_CONVERSION = YES;
				CLANG_WARN_DEPRECATED_OBJC_IMPLEMENTATIONS = YES;
				CLANG_WARN_DIRECT_OBJC_ISA_USAGE = YES_ERROR;
				CLANG_WARN_DOCUMENTATION_COMMENTS = YES;
				CLANG_WARN_EMPTY_BODY = YES;
				CLANG_WARN_ENUM_CONVERSION = YES;
				CLANG_WARN_INFINITE_RECURSION = YES;
				CLANG_WARN_INT_CONVERSION = YES;
				CLANG_WARN_NON_LITERAL_NULL_CONVERSION = YES;
				CLANG_WARN_OBJC_IMPLICIT_RETAIN_SELF = YES;
				CLANG_WARN_OBJC_LITERAL_CONVERSION = YES;
				CLANG_WARN_OBJC_ROOT_CLASS = YES_ERROR;
				CLANG_WARN_QUOTED_INCLUDE_IN_FRAMEWORK_HEADER = YES;
				CLANG_WARN_RANGE_LOOP_ANALYSIS = YES;
				CLANG_WARN_STRICT_PROTOTYPES = YES;
				CLANG_WARN_SUSPICIOUS_MOVE = YES;
				CLANG_WARN_UNGUARDED_AVAILABILITY = YES_AGGRESSIVE;
				CLANG_WARN_UNREACHABLE_CODE = YES;
				CLANG_WARN__DUPLICATE_METHOD_MATCH = YES;
				COPY_PHASE_STRIP = NO;
				DEBUG_INFORMATION_FORMAT = "dwarf-with-dsym";
				ENABLE_NS_ASSERTIONS = NO;
				ENABLE_STRICT_OBJC_MSGSEND = YES;
				GCC_C_LANGUAGE_STANDARD = gnu11;
				GCC_NO_COMMON_BLOCKS = YES;
				GCC_WARN_64_TO_32_BIT_CONVERSION = YES;
				GCC_WARN_ABOUT_RETURN_TYPE = YES_ERROR;
				GCC_WARN_UNDECLARED_SELECTOR = YES;
				GCC_WARN_UNINITIALIZED_AUTOS = YES_AGGRESSIVE;
				GCC_WARN_UNUSED_FUNCTION = YES;
				GCC_WARN_UNUSED_VARIABLE = YES;
				MTL_ENABLE_DEBUG_INFO = NO;
				MTL_FAST_MATH = YES;
				SWIFT_COMPILATION_MODE = wholemodule;
				SWIFT_OPTIMIZATION_LEVEL = "-O";
			};
			name = Release;
		};
		4C78C917281DCD6700F7673C /* Debug */ = {
			isa = XCBuildConfiguration;
			buildSettings = {
				ASSETCATALOG_COMPILER_APPICON_NAME = AppIcon;
				ASSETCATALOG_COMPILER_GLOBAL_ACCENT_COLOR_NAME = AccentColor;
				CODE_SIGN_STYLE = Automatic;
				CURRENT_PROJECT_VERSION = 1;
				DEVELOPMENT_TEAM = 9ZVHDWC4WU;
				ENABLE_PREVIEWS = YES;
				GENERATE_INFOPLIST_FILE = YES;
				INFOPLIST_KEY_UIApplicationSceneManifest_Generation = YES;
				INFOPLIST_KEY_UIApplicationSupportsIndirectInputEvents = YES;
				INFOPLIST_KEY_UILaunchScreen_Generation = YES;
				INFOPLIST_KEY_UISupportedInterfaceOrientations_iPad = "UIInterfaceOrientationPortrait UIInterfaceOrientationPortraitUpsideDown UIInterfaceOrientationLandscapeLeft UIInterfaceOrientationLandscapeRight";
				INFOPLIST_KEY_UISupportedInterfaceOrientations_iPhone = "UIInterfaceOrientationPortrait UIInterfaceOrientationLandscapeLeft UIInterfaceOrientationLandscapeRight";
				IPHONEOS_DEPLOYMENT_TARGET = 15.4;
				LD_RUNPATH_SEARCH_PATHS = (
					"$(inherited)",
					"@executable_path/Frameworks",
				);
				MARKETING_VERSION = 1.0;
				PRODUCT_BUNDLE_IDENTIFIER = com.hmlong.InjectableDemo;
				PRODUCT_NAME = InjectableDemo;
				SDKROOT = iphoneos;
				SWIFT_EMIT_LOC_STRINGS = YES;
				SWIFT_VERSION = 5.0;
				TARGETED_DEVICE_FAMILY = "1,2";
			};
			name = Debug;
		};
		4C78C918281DCD6700F7673C /* Release */ = {
			isa = XCBuildConfiguration;
			buildSettings = {
				ASSETCATALOG_COMPILER_APPICON_NAME = AppIcon;
				ASSETCATALOG_COMPILER_GLOBAL_ACCENT_COLOR_NAME = AccentColor;
				CODE_SIGN_STYLE = Automatic;
				CURRENT_PROJECT_VERSION = 1;
				DEVELOPMENT_TEAM = 9ZVHDWC4WU;
				ENABLE_PREVIEWS = YES;
				GENERATE_INFOPLIST_FILE = YES;
				INFOPLIST_KEY_UIApplicationSceneManifest_Generation = YES;
				INFOPLIST_KEY_UIApplicationSupportsIndirectInputEvents = YES;
				INFOPLIST_KEY_UILaunchScreen_Generation = YES;
				INFOPLIST_KEY_UISupportedInterfaceOrientations_iPad = "UIInterfaceOrientationPortrait UIInterfaceOrientationPortraitUpsideDown UIInterfaceOrientationLandscapeLeft UIInterfaceOrientationLandscapeRight";
				INFOPLIST_KEY_UISupportedInterfaceOrientations_iPhone = "UIInterfaceOrientationPortrait UIInterfaceOrientationLandscapeLeft UIInterfaceOrientationLandscapeRight";
				IPHONEOS_DEPLOYMENT_TARGET = 15.4;
				LD_RUNPATH_SEARCH_PATHS = (
					"$(inherited)",
					"@executable_path/Frameworks",
				);
				MARKETING_VERSION = 1.0;
				PRODUCT_BUNDLE_IDENTIFIER = com.hmlong.InjectableDemo;
				PRODUCT_NAME = InjectableDemo;
				SDKROOT = iphoneos;
				SWIFT_EMIT_LOC_STRINGS = YES;
				SWIFT_VERSION = 5.0;
				TARGETED_DEVICE_FAMILY = "1,2";
				VALIDATE_PRODUCT = YES;
			};
			name = Release;
		};
		4C78C91A281DCD6700F7673C /* Debug */ = {
			isa = XCBuildConfiguration;
			buildSettings = {
				ASSETCATALOG_COMPILER_APPICON_NAME = AppIcon;
				ASSETCATALOG_COMPILER_GLOBAL_ACCENT_COLOR_NAME = AccentColor;
				CODE_SIGN_ENTITLEMENTS = macOS/macOS.entitlements;
				CODE_SIGN_STYLE = Automatic;
				COMBINE_HIDPI_IMAGES = YES;
				CURRENT_PROJECT_VERSION = 1;
				DEVELOPMENT_TEAM = 9ZVHDWC4WU;
				ENABLE_HARDENED_RUNTIME = YES;
				ENABLE_PREVIEWS = YES;
				GENERATE_INFOPLIST_FILE = YES;
				INFOPLIST_KEY_NSHumanReadableCopyright = "";
				LD_RUNPATH_SEARCH_PATHS = (
					"$(inherited)",
					"@executable_path/../Frameworks",
				);
				MACOSX_DEPLOYMENT_TARGET = 12.3;
				MARKETING_VERSION = 1.0;
				PRODUCT_BUNDLE_IDENTIFIER = com.hmlong.InjectableDemo;
				PRODUCT_NAME = InjectableDemo;
				SDKROOT = macosx;
				SWIFT_EMIT_LOC_STRINGS = YES;
				SWIFT_VERSION = 5.0;
			};
			name = Debug;
		};
		4C78C91B281DCD6700F7673C /* Release */ = {
			isa = XCBuildConfiguration;
			buildSettings = {
				ASSETCATALOG_COMPILER_APPICON_NAME = AppIcon;
				ASSETCATALOG_COMPILER_GLOBAL_ACCENT_COLOR_NAME = AccentColor;
				CODE_SIGN_ENTITLEMENTS = macOS/macOS.entitlements;
				CODE_SIGN_STYLE = Automatic;
				COMBINE_HIDPI_IMAGES = YES;
				CURRENT_PROJECT_VERSION = 1;
				DEVELOPMENT_TEAM = 9ZVHDWC4WU;
				ENABLE_HARDENED_RUNTIME = YES;
				ENABLE_PREVIEWS = YES;
				GENERATE_INFOPLIST_FILE = YES;
				INFOPLIST_KEY_NSHumanReadableCopyright = "";
				LD_RUNPATH_SEARCH_PATHS = (
					"$(inherited)",
					"@executable_path/../Frameworks",
				);
				MACOSX_DEPLOYMENT_TARGET = 12.3;
				MARKETING_VERSION = 1.0;
				PRODUCT_BUNDLE_IDENTIFIER = com.hmlong.InjectableDemo;
				PRODUCT_NAME = InjectableDemo;
				SDKROOT = macosx;
				SWIFT_EMIT_LOC_STRINGS = YES;
				SWIFT_VERSION = 5.0;
			};
			name = Release;
		};
/* End XCBuildConfiguration section */

/* Begin XCConfigurationList section */
		4C78C8FC281DCD6600F7673C /* Build configuration list for PBXProject "InjectableDemo" */ = {
			isa = XCConfigurationList;
			buildConfigurations = (
				4C78C914281DCD6700F7673C /* Debug */,
				4C78C915281DCD6700F7673C /* Release */,
			);
			defaultConfigurationIsVisible = 0;
			defaultConfigurationName = Release;
		};
		4C78C916281DCD6700F7673C /* Build configuration list for PBXNativeTarget "InjectableDemo (iOS)" */ = {
			isa = XCConfigurationList;
			buildConfigurations = (
				4C78C917281DCD6700F7673C /* Debug */,
				4C78C918281DCD6700F7673C /* Release */,
			);
			defaultConfigurationIsVisible = 0;
			defaultConfigurationName = Release;
		};
		4C78C919281DCD6700F7673C /* Build configuration list for PBXNativeTarget "InjectableDemo (macOS)" */ = {
			isa = XCConfigurationList;
			buildConfigurations = (
				4C78C91A281DCD6700F7673C /* Debug */,
				4C78C91B281DCD6700F7673C /* Release */,
			);
			defaultConfigurationIsVisible = 0;
			defaultConfigurationName = Release;
		};
/* End XCConfigurationList section */

/* Begin XCSwiftPackageProductDependency section */
		4C78C928281DD66800F7673C /* Injectable */ = {
			isa = XCSwiftPackageProductDependency;
			productName = Injectable;
		};
/* End XCSwiftPackageProductDependency section */
	};
	rootObject = 4C78C8F9281DCD6600F7673C /* Project object */;
}
